
Microsoft Visual Studio Solution File, Format Version 12.00
# Visual Studio Version 16
VisualStudioVersion = 16.0.29728.190
MinimumVisualStudioVersion = 10.0.40219.1
Project("{9A19103F-16F7-4668-BE54-9A1E7A4F7556}") = "discobot", "src\discobot\discobot.csproj", "{AC2CF9AC-0589-46B6-9E17-EA806AF5DE2C}"
EndProject
Project("{2150E333-8FDC-42A3-9474-1A3956D46DE8}") = "Solution Items", "Solution Items", "{8BE4A787-E619-4697-8105-5D8F6D058142}"
	ProjectSection(SolutionItems) = preProject
		.gitignore = .gitignore
		LICENSE = LICENSE
	EndProjectSection
EndProject
Global
	GlobalSection(SolutionConfigurationPlatforms) = preSolution
		Debug|Any CPU = Debug|Any CPU
		Release|Any CPU = Release|Any CPU
	EndGlobalSection
	GlobalSection(ProjectConfigurationPlatforms) = postSolution
		{AC2CF9AC-0589-46B6-9E17-EA806AF5DE2C}.Debug|Any CPU.ActiveCfg = Debug|Any CPU
		{AC2CF9AC-0589-46B6-9E17-EA806AF5DE2C}.Debug|Any CPU.Build.0 = Debug|Any CPU
		{AC2CF9AC-0589-46B6-9E17-EA806AF5DE2C}.Release|Any CPU.ActiveCfg = Release|Any CPU
		{AC2CF9AC-0589-46B6-9E17-EA806AF5DE2C}.Release|Any CPU.Build.0 = Release|Any CPU
	EndGlobalSection
	GlobalSection(SolutionProperties) = preSolution
		HideSolutionNode = FALSE
	EndGlobalSection
	GlobalSection(ExtensibilityGlobals) = postSolution
		SolutionGuid = {03DA04DD-B62A-439C-9DC6-ED58AF2077CB}
	EndGlobalSection
EndGlobal
